// !$*UTF8*$!
{
	archiveVersion = 1;
	classes = {
	};
	objectVersion = 56;
	objects = {

/* Begin PBXBuildFile section */
		20A5C5722911AAE000B160A1 /* Stocks_R_USApp.swift in Sources */ = {isa = PBXBuildFile; fileRef = 20A5C5712911AAE000B160A1 /* Stocks_R_USApp.swift */; };
		20A5C5762911AAE200B160A1 /* Assets.xcassets in Resources */ = {isa = PBXBuildFile; fileRef = 20A5C5752911AAE200B160A1 /* Assets.xcassets */; };
		20A5C5792911AAE200B160A1 /* Preview Assets.xcassets in Resources */ = {isa = PBXBuildFile; fileRef = 20A5C5782911AAE200B160A1 /* Preview Assets.xcassets */; };
		20B2C31B29144E8700B98DB2 /* WelcomeView.swift in Sources */ = {isa = PBXBuildFile; fileRef = 20B2C31A29144E8700B98DB2 /* WelcomeView.swift */; };
		20B2C31D29144FCA00B98DB2 /* SplashView.swift in Sources */ = {isa = PBXBuildFile; fileRef = 20B2C31C29144FCA00B98DB2 /* SplashView.swift */; };
		20B2C3212914589A00B98DB2 /* User.swift in Sources */ = {isa = PBXBuildFile; fileRef = 20B2C3202914589A00B98DB2 /* User.swift */; };
		20B2C3232914590000B98DB2 /* SignUpView.swift in Sources */ = {isa = PBXBuildFile; fileRef = 20B2C3222914590000B98DB2 /* SignUpView.swift */; };
		20B2C3252914590A00B98DB2 /* LoginView.swift in Sources */ = {isa = PBXBuildFile; fileRef = 20B2C3242914590A00B98DB2 /* LoginView.swift */; };
		20B2C32729146D0200B98DB2 /* UserViewModel.swift in Sources */ = {isa = PBXBuildFile; fileRef = 20B2C32629146D0200B98DB2 /* UserViewModel.swift */; };
		20B2C32A2914814B00B98DB2 /* WatchlistView.swift in Sources */ = {isa = PBXBuildFile; fileRef = 20B2C3292914814B00B98DB2 /* WatchlistView.swift */; };
		572D16AE291CEF08002C3A37 /* Stock.swift in Sources */ = {isa = PBXBuildFile; fileRef = 572D16AD291CEF08002C3A37 /* Stock.swift */; };
		572D16B0291CF1AB002C3A37 /* WatchlistViewModel.swift in Sources */ = {isa = PBXBuildFile; fileRef = 572D16AF291CF1AB002C3A37 /* WatchlistViewModel.swift */; };
		572D16B2291CF443002C3A37 /* StockView.swift in Sources */ = {isa = PBXBuildFile; fileRef = 572D16B1291CF443002C3A37 /* StockView.swift */; };
		572D16B429206581002C3A37 /* NavBarOverlay.swift in Sources */ = {isa = PBXBuildFile; fileRef = 572D16B329206581002C3A37 /* NavBarOverlay.swift */; };
/* End PBXBuildFile section */

/* Begin PBXFileReference section */
		20A5C56E2911AAE000B160A1 /* Stocks-R-US.app */ = {isa = PBXFileReference; explicitFileType = wrapper.application; includeInIndex = 0; path = "Stocks-R-US.app"; sourceTree = BUILT_PRODUCTS_DIR; };
		20A5C5712911AAE000B160A1 /* Stocks_R_USApp.swift */ = {isa = PBXFileReference; lastKnownFileType = sourcecode.swift; path = Stocks_R_USApp.swift; sourceTree = "<group>"; };
		20A5C5752911AAE200B160A1 /* Assets.xcassets */ = {isa = PBXFileReference; lastKnownFileType = folder.assetcatalog; path = Assets.xcassets; sourceTree = "<group>"; };
		20A5C5782911AAE200B160A1 /* Preview Assets.xcassets */ = {isa = PBXFileReference; lastKnownFileType = folder.assetcatalog; path = "Preview Assets.xcassets"; sourceTree = "<group>"; };
		20B2C31A29144E8700B98DB2 /* WelcomeView.swift */ = {isa = PBXFileReference; lastKnownFileType = sourcecode.swift; path = WelcomeView.swift; sourceTree = "<group>"; };
		20B2C31C29144FCA00B98DB2 /* SplashView.swift */ = {isa = PBXFileReference; lastKnownFileType = sourcecode.swift; path = SplashView.swift; sourceTree = "<group>"; };
		20B2C3202914589A00B98DB2 /* User.swift */ = {isa = PBXFileReference; lastKnownFileType = sourcecode.swift; path = User.swift; sourceTree = "<group>"; };
		20B2C3222914590000B98DB2 /* SignUpView.swift */ = {isa = PBXFileReference; lastKnownFileType = sourcecode.swift; path = SignUpView.swift; sourceTree = "<group>"; };
		20B2C3242914590A00B98DB2 /* LoginView.swift */ = {isa = PBXFileReference; lastKnownFileType = sourcecode.swift; path = LoginView.swift; sourceTree = "<group>"; };
		20B2C32629146D0200B98DB2 /* UserViewModel.swift */ = {isa = PBXFileReference; lastKnownFileType = sourcecode.swift; path = UserViewModel.swift; sourceTree = "<group>"; };
		20B2C3292914814B00B98DB2 /* WatchlistView.swift */ = {isa = PBXFileReference; lastKnownFileType = sourcecode.swift; path = WatchlistView.swift; sourceTree = "<group>"; };
		572D16AD291CEF08002C3A37 /* Stock.swift */ = {isa = PBXFileReference; lastKnownFileType = sourcecode.swift; path = Stock.swift; sourceTree = "<group>"; };
		572D16AF291CF1AB002C3A37 /* WatchlistViewModel.swift */ = {isa = PBXFileReference; lastKnownFileType = sourcecode.swift; path = WatchlistViewModel.swift; sourceTree = "<group>"; };
		572D16B1291CF443002C3A37 /* StockView.swift */ = {isa = PBXFileReference; lastKnownFileType = sourcecode.swift; path = StockView.swift; sourceTree = "<group>"; };
		572D16B329206581002C3A37 /* NavBarOverlay.swift */ = {isa = PBXFileReference; lastKnownFileType = sourcecode.swift; path = NavBarOverlay.swift; sourceTree = "<group>"; };
/* End PBXFileReference section */

/* Begin PBXFrameworksBuildPhase section */
		20A5C56B2911AAE000B160A1 /* Frameworks */ = {
			isa = PBXFrameworksBuildPhase;
			buildActionMask = 2147483647;
			files = (
			);
			runOnlyForDeploymentPostprocessing = 0;
		};
/* End PBXFrameworksBuildPhase section */

/* Begin PBXGroup section */
		20A5C5652911AAE000B160A1 = {
			isa = PBXGroup;
			children = (
				20A5C5702911AAE000B160A1 /* Stocks-R-US */,
				20A5C56F2911AAE000B160A1 /* Products */,
			);
			sourceTree = "<group>";
		};
		20A5C56F2911AAE000B160A1 /* Products */ = {
			isa = PBXGroup;
			children = (
				20A5C56E2911AAE000B160A1 /* Stocks-R-US.app */,
			);
			name = Products;
			sourceTree = "<group>";
		};
		20A5C5702911AAE000B160A1 /* Stocks-R-US */ = {
			isa = PBXGroup;
			children = (
				20B2C31729144E3800B98DB2 /* Model */,
				20B2C31929144E4800B98DB2 /* View */,
				20B2C31829144E4100B98DB2 /* ViewModel */,
				20A5C5712911AAE000B160A1 /* Stocks_R_USApp.swift */,
				20A5C5752911AAE200B160A1 /* Assets.xcassets */,
				20A5C5772911AAE200B160A1 /* Preview Content */,
			);
			path = "Stocks-R-US";
			sourceTree = "<group>";
		};
		20A5C5772911AAE200B160A1 /* Preview Content */ = {
			isa = PBXGroup;
			children = (
				20A5C5782911AAE200B160A1 /* Preview Assets.xcassets */,
			);
			path = "Preview Content";
			sourceTree = "<group>";
		};
		20B2C31729144E3800B98DB2 /* Model */ = {
			isa = PBXGroup;
			children = (
				20B2C3202914589A00B98DB2 /* User.swift */,
				572D16AD291CEF08002C3A37 /* Stock.swift */,
			);
			path = Model;
			sourceTree = "<group>";
		};
		20B2C31829144E4100B98DB2 /* ViewModel */ = {
			isa = PBXGroup;
			children = (
				20B2C32629146D0200B98DB2 /* UserViewModel.swift */,
				572D16AF291CF1AB002C3A37 /* WatchlistViewModel.swift */,
			);
			path = ViewModel;
			sourceTree = "<group>";
		};
		20B2C31929144E4800B98DB2 /* View */ = {
			isa = PBXGroup;
			children = (
				20B2C31A29144E8700B98DB2 /* WelcomeView.swift */,
				20B2C31C29144FCA00B98DB2 /* SplashView.swift */,
				20B2C3222914590000B98DB2 /* SignUpView.swift */,
				20B2C3242914590A00B98DB2 /* LoginView.swift */,
				20B2C3292914814B00B98DB2 /* WatchlistView.swift */,
				572D16B1291CF443002C3A37 /* StockView.swift */,
				572D16B329206581002C3A37 /* NavBarOverlay.swift */,
			);
			path = View;
			sourceTree = "<group>";
		};
/* End PBXGroup section */

/* Begin PBXNativeTarget section */
		20A5C56D2911AAE000B160A1 /* Stocks-R-US */ = {
			isa = PBXNativeTarget;
			buildConfigurationList = 20A5C57C2911AAE200B160A1 /* Build configuration list for PBXNativeTarget "Stocks-R-US" */;
			buildPhases = (
				20A5C56A2911AAE000B160A1 /* Sources */,
				20A5C56B2911AAE000B160A1 /* Frameworks */,
				20A5C56C2911AAE000B160A1 /* Resources */,
			);
			buildRules = (
			);
			dependencies = (
			);
			name = "Stocks-R-US";
			productName = "Stocks-R-US";
			productReference = 20A5C56E2911AAE000B160A1 /* Stocks-R-US.app */;
			productType = "com.apple.product-type.application";
		};
/* End PBXNativeTarget section */

/* Begin PBXProject section */
		20A5C5662911AAE000B160A1 /* Project object */ = {
			isa = PBXProject;
			attributes = {
				BuildIndependentTargetsInParallel = 1;
				LastSwiftUpdateCheck = 1400;
				LastUpgradeCheck = 1400;
				TargetAttributes = {
					20A5C56D2911AAE000B160A1 = {
						CreatedOnToolsVersion = 14.0.1;
					};
				};
			};
			buildConfigurationList = 20A5C5692911AAE000B160A1 /* Build configuration list for PBXProject "Stocks-R-US" */;
			compatibilityVersion = "Xcode 14.0";
			developmentRegion = en;
			hasScannedForEncodings = 0;
			knownRegions = (
				en,
				Base,
			);
			mainGroup = 20A5C5652911AAE000B160A1;
			productRefGroup = 20A5C56F2911AAE000B160A1 /* Products */;
			projectDirPath = "";
			projectRoot = "";
			targets = (
				20A5C56D2911AAE000B160A1 /* Stocks-R-US */,
			);
		};
/* End PBXProject section */

/* Begin PBXResourcesBuildPhase section */
		20A5C56C2911AAE000B160A1 /* Resources */ = {
			isa = PBXResourcesBuildPhase;
			buildActionMask = 2147483647;
			files = (
				20A5C5792911AAE200B160A1 /* Preview Assets.xcassets in Resources */,
				20A5C5762911AAE200B160A1 /* Assets.xcassets in Resources */,
			);
			runOnlyForDeploymentPostprocessing = 0;
		};
/* End PBXResourcesBuildPhase section */

/* Begin PBXSourcesBuildPhase section */
		20A5C56A2911AAE000B160A1 /* Sources */ = {
			isa = PBXSourcesBuildPhase;
			buildActionMask = 2147483647;
			files = (
				20A5C5722911AAE000B160A1 /* Stocks_R_USApp.swift in Sources */,
				20B2C3252914590A00B98DB2 /* LoginView.swift in Sources */,
				572D16B0291CF1AB002C3A37 /* WatchlistViewModel.swift in Sources */,
				20B2C31B29144E8700B98DB2 /* WelcomeView.swift in Sources */,
				20B2C3212914589A00B98DB2 /* User.swift in Sources */,
				572D16B2291CF443002C3A37 /* StockView.swift in Sources */,
				20B2C3232914590000B98DB2 /* SignUpView.swift in Sources */,
				20B2C32A2914814B00B98DB2 /* WatchlistView.swift in Sources */,
				20B2C32729146D0200B98DB2 /* UserViewModel.swift in Sources */,
				20B2C31D29144FCA00B98DB2 /* SplashView.swift in Sources */,
				572D16B429206581002C3A37 /* NavBarOverlay.swift in Sources */,
				572D16AE291CEF08002C3A37 /* Stock.swift in Sources */,
			);
			runOnlyForDeploymentPostprocessing = 0;
		};
/* End PBXSourcesBuildPhase section */

/* Begin XCBuildConfiguration section */
		20A5C57A2911AAE200B160A1 /* Debug */ = {
			isa = XCBuildConfiguration;
			buildSettings = {
				ALWAYS_SEARCH_USER_PATHS = NO;
				CLANG_ANALYZER_NONNULL = YES;
				CLANG_ANALYZER_NUMBER_OBJECT_CONVERSION = YES_AGGRESSIVE;
				CLANG_CXX_LANGUAGE_STANDARD = "gnu++20";
				CLANG_ENABLE_MODULES = YES;
				CLANG_ENABLE_OBJC_ARC = YES;
				CLANG_ENABLE_OBJC_WEAK = YES;
				CLANG_WARN_BLOCK_CAPTURE_AUTORELEASING = YES;
				CLANG_WARN_BOOL_CONVERSION = YES;
				CLANG_WARN_COMMA = YES;
				CLANG_WARN_CONSTANT_CONVERSION = YES;
				CLANG_WARN_DEPRECATED_OBJC_IMPLEMENTATIONS = YES;
				CLANG_WARN_DIRECT_OBJC_ISA_USAGE = YES_ERROR;
				CLANG_WARN_DOCUMENTATION_COMMENTS = YES;
				CLANG_WARN_EMPTY_BODY = YES;
				CLANG_WARN_ENUM_CONVERSION = YES;
				CLANG_WARN_INFINITE_RECURSION = YES;
				CLANG_WARN_INT_CONVERSION = YES;
				CLANG_WARN_NON_LITERAL_NULL_CONVERSION = YES;
				CLANG_WARN_OBJC_IMPLICIT_RETAIN_SELF = YES;
				CLANG_WARN_OBJC_LITERAL_CONVERSION = YES;
				CLANG_WARN_OBJC_ROOT_CLASS = YES_ERROR;
				CLANG_WARN_QUOTED_INCLUDE_IN_FRAMEWORK_HEADER = YES;
				CLANG_WARN_RANGE_LOOP_ANALYSIS = YES;
				CLANG_WARN_STRICT_PROTOTYPES = YES;
				CLANG_WARN_SUSPICIOUS_MOVE = YES;
				CLANG_WARN_UNGUARDED_AVAILABILITY = YES_AGGRESSIVE;
				CLANG_WARN_UNREACHABLE_CODE = YES;
				CLANG_WARN__DUPLICATE_METHOD_MATCH = YES;
				COPY_PHASE_STRIP = NO;
				DEBUG_INFORMATION_FORMAT = dwarf;
				ENABLE_STRICT_OBJC_MSGSEND = YES;
				ENABLE_TESTABILITY = YES;
				GCC_C_LANGUAGE_STANDARD = gnu11;
				GCC_DYNAMIC_NO_PIC = NO;
				GCC_NO_COMMON_BLOCKS = YES;
				GCC_OPTIMIZATION_LEVEL = 0;
				GCC_PREPROCESSOR_DEFINITIONS = (
					"DEBUG=1",
					"$(inherited)",
				);
				GCC_WARN_64_TO_32_BIT_CONVERSION = YES;
				GCC_WARN_ABOUT_RETURN_TYPE = YES_ERROR;
				GCC_WARN_UNDECLARED_SELECTOR = YES;
				GCC_WARN_UNINITIALIZED_AUTOS = YES_AGGRESSIVE;
				GCC_WARN_UNUSED_FUNCTION = YES;
				GCC_WARN_UNUSED_VARIABLE = YES;
				IPHONEOS_DEPLOYMENT_TARGET = 16.0;
				MTL_ENABLE_DEBUG_INFO = INCLUDE_SOURCE;
				MTL_FAST_MATH = YES;
				ONLY_ACTIVE_ARCH = YES;
				SDKROOT = iphoneos;
				SWIFT_ACTIVE_COMPILATION_CONDITIONS = DEBUG;
				SWIFT_OPTIMIZATION_LEVEL = "-Onone";
			};
			name = Debug;
		};
		20A5C57B2911AAE200B160A1 /* Release */ = {
			isa = XCBuildConfiguration;
			buildSettings = {
				ALWAYS_SEARCH_USER_PATHS = NO;
				CLANG_ANALYZER_NONNULL = YES;
				CLANG_ANALYZER_NUMBER_OBJECT_CONVERSION = YES_AGGRESSIVE;
				CLANG_CXX_LANGUAGE_STANDARD = "gnu++20";
				CLANG_ENABLE_MODULES = YES;
				CLANG_ENABLE_OBJC_ARC = YES;
				CLANG_ENABLE_OBJC_WEAK = YES;
				CLANG_WARN_BLOCK_CAPTURE_AUTORELEASING = YES;
				CLANG_WARN_BOOL_CONVERSION = YES;
				CLANG_WARN_COMMA = YES;
				CLANG_WARN_CONSTANT_CONVERSION = YES;
				CLANG_WARN_DEPRECATED_OBJC_IMPLEMENTATIONS = YES;
				CLANG_WARN_DIRECT_OBJC_ISA_USAGE = YES_ERROR;
				CLANG_WARN_DOCUMENTATION_COMMENTS = YES;
				CLANG_WARN_EMPTY_BODY = YES;
				CLANG_WARN_ENUM_CONVERSION = YES;
				CLANG_WARN_INFINITE_RECURSION = YES;
				CLANG_WARN_INT_CONVERSION = YES;
				CLANG_WARN_NON_LITERAL_NULL_CONVERSION = YES;
				CLANG_WARN_OBJC_IMPLICIT_RETAIN_SELF = YES;
				CLANG_WARN_OBJC_LITERAL_CONVERSION = YES;
				CLANG_WARN_OBJC_ROOT_CLASS = YES_ERROR;
				CLANG_WARN_QUOTED_INCLUDE_IN_FRAMEWORK_HEADER = YES;
				CLANG_WARN_RANGE_LOOP_ANALYSIS = YES;
				CLANG_WARN_STRICT_PROTOTYPES = YES;
				CLANG_WARN_SUSPICIOUS_MOVE = YES;
				CLANG_WARN_UNGUARDED_AVAILABILITY = YES_AGGRESSIVE;
				CLANG_WARN_UNREACHABLE_CODE = YES;
				CLANG_WARN__DUPLICATE_METHOD_MATCH = YES;
				COPY_PHASE_STRIP = NO;
				DEBUG_INFORMATION_FORMAT = "dwarf-with-dsym";
				ENABLE_NS_ASSERTIONS = NO;
				ENABLE_STRICT_OBJC_MSGSEND = YES;
				GCC_C_LANGUAGE_STANDARD = gnu11;
				GCC_NO_COMMON_BLOCKS = YES;
				GCC_WARN_64_TO_32_BIT_CONVERSION = YES;
				GCC_WARN_ABOUT_RETURN_TYPE = YES_ERROR;
				GCC_WARN_UNDECLARED_SELECTOR = YES;
				GCC_WARN_UNINITIALIZED_AUTOS = YES_AGGRESSIVE;
				GCC_WARN_UNUSED_FUNCTION = YES;
				GCC_WARN_UNUSED_VARIABLE = YES;
				IPHONEOS_DEPLOYMENT_TARGET = 16.0;
				MTL_ENABLE_DEBUG_INFO = NO;
				MTL_FAST_MATH = YES;
				SDKROOT = iphoneos;
				SWIFT_COMPILATION_MODE = wholemodule;
				SWIFT_OPTIMIZATION_LEVEL = "-O";
				VALIDATE_PRODUCT = YES;
			};
			name = Release;
		};
		20A5C57D2911AAE200B160A1 /* Debug */ = {
			isa = XCBuildConfiguration;
			buildSettings = {
				ASSETCATALOG_COMPILER_APPICON_NAME = AppIcon;
				ASSETCATALOG_COMPILER_GLOBAL_ACCENT_COLOR_NAME = AccentColor;
				CODE_SIGN_STYLE = Automatic;
				CURRENT_PROJECT_VERSION = 1;
				DEVELOPMENT_ASSET_PATHS = "\"Stocks-R-US/Preview Content\"";
				ENABLE_PREVIEWS = YES;
				GENERATE_INFOPLIST_FILE = YES;
				INFOPLIST_KEY_UIApplicationSceneManifest_Generation = YES;
				INFOPLIST_KEY_UIApplicationSupportsIndirectInputEvents = YES;
				INFOPLIST_KEY_UILaunchScreen_Generation = YES;
				INFOPLIST_KEY_UISupportedInterfaceOrientations_iPad = "UIInterfaceOrientationPortrait UIInterfaceOrientationPortraitUpsideDown UIInterfaceOrientationLandscapeLeft UIInterfaceOrientationLandscapeRight";
				INFOPLIST_KEY_UISupportedInterfaceOrientations_iPhone = "UIInterfaceOrientationPortrait UIInterfaceOrientationLandscapeLeft UIInterfaceOrientationLandscapeRight";
				LD_RUNPATH_SEARCH_PATHS = (
					"$(inherited)",
					"@executable_path/Frameworks",
				);
				MARKETING_VERSION = 1.0;
				PRODUCT_BUNDLE_IDENTIFIER = "edu.asu.AweSome-Group-10.Stocks-R-US";
				PRODUCT_NAME = "$(TARGET_NAME)";
				SWIFT_EMIT_LOC_STRINGS = YES;
				SWIFT_VERSION = 5.0;
				TARGETED_DEVICE_FAMILY = "1,2";
			};
			name = Debug;
		};
		20A5C57E2911AAE200B160A1 /* Release */ = {
			isa = XCBuildConfiguration;
			buildSettings = {
				ASSETCATALOG_COMPILER_APPICON_NAME = AppIcon;
				ASSETCATALOG_COMPILER_GLOBAL_ACCENT_COLOR_NAME = AccentColor;
				CODE_SIGN_STYLE = Automatic;
				CURRENT_PROJECT_VERSION = 1;
				DEVELOPMENT_ASSET_PATHS = "\"Stocks-R-US/Preview Content\"";
				ENABLE_PREVIEWS = YES;
				GENERATE_INFOPLIST_FILE = YES;
				INFOPLIST_KEY_UIApplicationSceneManifest_Generation = YES;
				INFOPLIST_KEY_UIApplicationSupportsIndirectInputEvents = YES;
				INFOPLIST_KEY_UILaunchScreen_Generation = YES;
				INFOPLIST_KEY_UISupportedInterfaceOrientations_iPad = "UIInterfaceOrientationPortrait UIInterfaceOrientationPortraitUpsideDown UIInterfaceOrientationLandscapeLeft UIInterfaceOrientationLandscapeRight";
				INFOPLIST_KEY_UISupportedInterfaceOrientations_iPhone = "UIInterfaceOrientationPortrait UIInterfaceOrientationLandscapeLeft UIInterfaceOrientationLandscapeRight";
				LD_RUNPATH_SEARCH_PATHS = (
					"$(inherited)",
					"@executable_path/Frameworks",
				);
				MARKETING_VERSION = 1.0;
				PRODUCT_BUNDLE_IDENTIFIER = "edu.asu.AweSome-Group-10.Stocks-R-US";
				PRODUCT_NAME = "$(TARGET_NAME)";
				SWIFT_EMIT_LOC_STRINGS = YES;
				SWIFT_VERSION = 5.0;
				TARGETED_DEVICE_FAMILY = "1,2";
			};
			name = Release;
		};
/* End XCBuildConfiguration section */

/* Begin XCConfigurationList section */
		20A5C5692911AAE000B160A1 /* Build configuration list for PBXProject "Stocks-R-US" */ = {
			isa = XCConfigurationList;
			buildConfigurations = (
				20A5C57A2911AAE200B160A1 /* Debug */,
				20A5C57B2911AAE200B160A1 /* Release */,
			);
			defaultConfigurationIsVisible = 0;
			defaultConfigurationName = Release;
		};
		20A5C57C2911AAE200B160A1 /* Build configuration list for PBXNativeTarget "Stocks-R-US" */ = {
			isa = XCConfigurationList;
			buildConfigurations = (
				20A5C57D2911AAE200B160A1 /* Debug */,
				20A5C57E2911AAE200B160A1 /* Release */,
			);
			defaultConfigurationIsVisible = 0;
			defaultConfigurationName = Release;
		};
/* End XCConfigurationList section */
	};
	rootObject = 20A5C5662911AAE000B160A1 /* Project object */;
}
